
Microsoft Visual Studio Solution File, Format Version 12.00
# Visual Studio Version 17
VisualStudioVersion = 17.14.36518.9 d17.14
MinimumVisualStudioVersion = 10.0.40219.1
Project("{FAE04EC0-301F-11D3-BF4B-00C04F79EFBC}") = "Bai01-Lab05", "Bai01-Lab05\Bai01-Lab05.csproj", "{3F9B2BA0-1BFE-4DF4-98E8-1CF87805DFFC}"
EndProject
Project("{FAE04EC0-301F-11D3-BF4B-00C04F79EFBC}") = "Bai02-Lab05", "Bai02-Lab05\Bai02-Lab05.csproj", "{D6B07F95-7418-42C6-B790-278E2FF84993}"
EndProject
Project("{FAE04EC0-301F-11D3-BF4B-00C04F79EFBC}") = "Bai03-Lab05", "Bai03-Lab05\Bai03-Lab05.csproj", "{5D374467-1EA4-4AB5-9891-219B395C189A}"
EndProject
Project("{FAE04EC0-301F-11D3-BF4B-00C04F79EFBC}") = "Bai04-Lab05", "Bai04-Lab05\Bai04-Lab05.csproj", "{41C3D27A-CFD4-4611-B841-41650E0EC7A8}"
EndProject
Project("{FAE04EC0-301F-11D3-BF4B-00C04F79EFBC}") = "Bai05-Lab05", "Bai05-Lab05\Bai05-Lab05.csproj", "{904646AD-F755-4D86-B7FE-BAE1779B88C2}"
EndProject
Project("{FAE04EC0-301F-11D3-BF4B-00C04F79EFBC}") = "Bai06-Lab05", "Bai06-Lab05\Bai06-Lab05.csproj", "{CEA8B55C-43FD-4DD6-BDE3-2EA2F29038B4}"
EndProject
Global
	GlobalSection(SolutionConfigurationPlatforms) = preSolution
		Debug|Any CPU = Debug|Any CPU
		Release|Any CPU = Release|Any CPU
	EndGlobalSection
	GlobalSection(ProjectConfigurationPlatforms) = postSolution
		{3F9B2BA0-1BFE-4DF4-98E8-1CF87805DFFC}.Debug|Any CPU.ActiveCfg = Debug|Any CPU
		{3F9B2BA0-1BFE-4DF4-98E8-1CF87805DFFC}.Debug|Any CPU.Build.0 = Debug|Any CPU
		{3F9B2BA0-1BFE-4DF4-98E8-1CF87805DFFC}.Release|Any CPU.ActiveCfg = Release|Any CPU
		{3F9B2BA0-1BFE-4DF4-98E8-1CF87805DFFC}.Release|Any CPU.Build.0 = Release|Any CPU
		{D6B07F95-7418-42C6-B790-278E2FF84993}.Debug|Any CPU.ActiveCfg = Debug|Any CPU
		{D6B07F95-7418-42C6-B790-278E2FF84993}.Debug|Any CPU.Build.0 = Debug|Any CPU
		{D6B07F95-7418-42C6-B790-278E2FF84993}.Release|Any CPU.ActiveCfg = Release|Any CPU
		{D6B07F95-7418-42C6-B790-278E2FF84993}.Release|Any CPU.Build.0 = Release|Any CPU
		{5D374467-1EA4-4AB5-9891-219B395C189A}.Debug|Any CPU.ActiveCfg = Debug|Any CPU
		{5D374467-1EA4-4AB5-9891-219B395C189A}.Debug|Any CPU.Build.0 = Debug|Any CPU
		{5D374467-1EA4-4AB5-9891-219B395C189A}.Release|Any CPU.ActiveCfg = Release|Any CPU
		{5D374467-1EA4-4AB5-9891-219B395C189A}.Release|Any CPU.Build.0 = Release|Any CPU
		{41C3D27A-CFD4-4611-B841-41650E0EC7A8}.Debug|Any CPU.ActiveCfg = Debug|Any CPU
		{41C3D27A-CFD4-4611-B841-41650E0EC7A8}.Debug|Any CPU.Build.0 = Debug|Any CPU
		{41C3D27A-CFD4-4611-B841-41650E0EC7A8}.Release|Any CPU.ActiveCfg = Release|Any CPU
		{41C3D27A-CFD4-4611-B841-41650E0EC7A8}.Release|Any CPU.Build.0 = Release|Any CPU
		{904646AD-F755-4D86-B7FE-BAE1779B88C2}.Debug|Any CPU.ActiveCfg = Debug|Any CPU
		{904646AD-F755-4D86-B7FE-BAE1779B88C2}.Debug|Any CPU.Build.0 = Debug|Any CPU
		{904646AD-F755-4D86-B7FE-BAE1779B88C2}.Release|Any CPU.ActiveCfg = Release|Any CPU
		{904646AD-F755-4D86-B7FE-BAE1779B88C2}.Release|Any CPU.Build.0 = Release|Any CPU
		{CEA8B55C-43FD-4DD6-BDE3-2EA2F29038B4}.Debug|Any CPU.ActiveCfg = Debug|Any CPU
		{CEA8B55C-43FD-4DD6-BDE3-2EA2F29038B4}.Debug|Any CPU.Build.0 = Debug|Any CPU
		{CEA8B55C-43FD-4DD6-BDE3-2EA2F29038B4}.Release|Any CPU.ActiveCfg = Release|Any CPU
		{CEA8B55C-43FD-4DD6-BDE3-2EA2F29038B4}.Release|Any CPU.Build.0 = Release|Any CPU
	EndGlobalSection
	GlobalSection(SolutionProperties) = preSolution
		HideSolutionNode = FALSE
	EndGlobalSection
	GlobalSection(ExtensibilityGlobals) = postSolution
		SolutionGuid = {A779A84B-80C3-4679-A527-3BBC53599A9F}
	EndGlobalSection
EndGlobal
